// !$*UTF8*$!
{
	archiveVersion = 1;
	classes = {
	};
	objectVersion = 50;
	objects = {

/* Begin PBXBuildFile section */
		773B5A87240A263300DD00AC /* AppDelegate.swift in Sources */ = {isa = PBXBuildFile; fileRef = 773B5A86240A263300DD00AC /* AppDelegate.swift */; };
		773B5A8B240A263300DD00AC /* BCRootViewController.swift in Sources */ = {isa = PBXBuildFile; fileRef = 773B5A8A240A263300DD00AC /* BCRootViewController.swift */; };
		773B5A90240A263400DD00AC /* Assets.xcassets in Resources */ = {isa = PBXBuildFile; fileRef = 773B5A8F240A263400DD00AC /* Assets.xcassets */; };
		773B5A93240A263400DD00AC /* LaunchScreen.storyboard in Resources */ = {isa = PBXBuildFile; fileRef = 773B5A91240A263400DD00AC /* LaunchScreen.storyboard */; };
		773B5A9E240A263400DD00AC /* BlockChainTests.swift in Sources */ = {isa = PBXBuildFile; fileRef = 773B5A9D240A263400DD00AC /* BlockChainTests.swift */; };
/* End PBXBuildFile section */

/* Begin PBXContainerItemProxy section */
		773B5A9A240A263400DD00AC /* PBXContainerItemProxy */ = {
			isa = PBXContainerItemProxy;
			containerPortal = 773B5A7B240A263300DD00AC /* Project object */;
			proxyType = 1;
			remoteGlobalIDString = 773B5A82240A263300DD00AC;
			remoteInfo = BlockChain;
		};
/* End PBXContainerItemProxy section */

/* Begin PBXFileReference section */
		773B5A83240A263300DD00AC /* BlockChain.app */ = {isa = PBXFileReference; explicitFileType = wrapper.application; includeInIndex = 0; path = BlockChain.app; sourceTree = BUILT_PRODUCTS_DIR; };
		773B5A86240A263300DD00AC /* AppDelegate.swift */ = {isa = PBXFileReference; lastKnownFileType = sourcecode.swift; path = AppDelegate.swift; sourceTree = "<group>"; };
		773B5A8A240A263300DD00AC /* BCRootViewController.swift */ = {isa = PBXFileReference; lastKnownFileType = sourcecode.swift; path = BCRootViewController.swift; sourceTree = "<group>"; };
		773B5A8F240A263400DD00AC /* Assets.xcassets */ = {isa = PBXFileReference; lastKnownFileType = folder.assetcatalog; path = Assets.xcassets; sourceTree = "<group>"; };
		773B5A92240A263400DD00AC /* Base */ = {isa = PBXFileReference; lastKnownFileType = file.storyboard; name = Base; path = Base.lproj/LaunchScreen.storyboard; sourceTree = "<group>"; };
		773B5A94240A263400DD00AC /* Info.plist */ = {isa = PBXFileReference; lastKnownFileType = text.plist.xml; path = Info.plist; sourceTree = "<group>"; };
		773B5A99240A263400DD00AC /* BlockChainTests.xctest */ = {isa = PBXFileReference; explicitFileType = wrapper.cfbundle; includeInIndex = 0; path = BlockChainTests.xctest; sourceTree = BUILT_PRODUCTS_DIR; };
		773B5A9D240A263400DD00AC /* BlockChainTests.swift */ = {isa = PBXFileReference; lastKnownFileType = sourcecode.swift; path = BlockChainTests.swift; sourceTree = "<group>"; };
		773B5A9F240A263400DD00AC /* Info.plist */ = {isa = PBXFileReference; lastKnownFileType = text.plist.xml; path = Info.plist; sourceTree = "<group>"; };
/* End PBXFileReference section */

/* Begin PBXFrameworksBuildPhase section */
		773B5A80240A263300DD00AC /* Frameworks */ = {
			isa = PBXFrameworksBuildPhase;
			buildActionMask = 2147483647;
			files = (
			);
			runOnlyForDeploymentPostprocessing = 0;
		};
		773B5A96240A263400DD00AC /* Frameworks */ = {
			isa = PBXFrameworksBuildPhase;
			buildActionMask = 2147483647;
			files = (
			);
			runOnlyForDeploymentPostprocessing = 0;
		};
/* End PBXFrameworksBuildPhase section */

/* Begin PBXGroup section */
		773B5A7A240A263300DD00AC = {
			isa = PBXGroup;
			children = (
				773B5A85240A263300DD00AC /* BlockChain */,
				773B5A9C240A263400DD00AC /* BlockChainTests */,
				773B5A84240A263300DD00AC /* Products */,
			);
			sourceTree = "<group>";
		};
		773B5A84240A263300DD00AC /* Products */ = {
			isa = PBXGroup;
			children = (
				773B5A83240A263300DD00AC /* BlockChain.app */,
				773B5A99240A263400DD00AC /* BlockChainTests.xctest */,
			);
			name = Products;
			sourceTree = "<group>";
		};
		773B5A85240A263300DD00AC /* BlockChain */ = {
			isa = PBXGroup;
			children = (
				773B5A86240A263300DD00AC /* AppDelegate.swift */,
				773B5A8A240A263300DD00AC /* BCRootViewController.swift */,
				773B5A8F240A263400DD00AC /* Assets.xcassets */,
				773B5A91240A263400DD00AC /* LaunchScreen.storyboard */,
				773B5A94240A263400DD00AC /* Info.plist */,
			);
			path = BlockChain;
			sourceTree = "<group>";
		};
		773B5A9C240A263400DD00AC /* BlockChainTests */ = {
			isa = PBXGroup;
			children = (
				773B5A9D240A263400DD00AC /* BlockChainTests.swift */,
				773B5A9F240A263400DD00AC /* Info.plist */,
			);
			path = BlockChainTests;
			sourceTree = "<group>";
		};
/* End PBXGroup section */

/* Begin PBXNativeTarget section */
		773B5A82240A263300DD00AC /* BlockChain */ = {
			isa = PBXNativeTarget;
			buildConfigurationList = 773B5AA2240A263400DD00AC /* Build configuration list for PBXNativeTarget "BlockChain" */;
			buildPhases = (
				773B5A7F240A263300DD00AC /* Sources */,
				773B5A80240A263300DD00AC /* Frameworks */,
				773B5A81240A263300DD00AC /* Resources */,
			);
			buildRules = (
			);
			dependencies = (
			);
			name = BlockChain;
			productName = BlockChain;
			productReference = 773B5A83240A263300DD00AC /* BlockChain.app */;
			productType = "com.apple.product-type.application";
		};
		773B5A98240A263400DD00AC /* BlockChainTests */ = {
			isa = PBXNativeTarget;
			buildConfigurationList = 773B5AA5240A263400DD00AC /* Build configuration list for PBXNativeTarget "BlockChainTests" */;
			buildPhases = (
				773B5A95240A263400DD00AC /* Sources */,
				773B5A96240A263400DD00AC /* Frameworks */,
				773B5A97240A263400DD00AC /* Resources */,
			);
			buildRules = (
			);
			dependencies = (
				773B5A9B240A263400DD00AC /* PBXTargetDependency */,
			);
			name = BlockChainTests;
			productName = BlockChainTests;
			productReference = 773B5A99240A263400DD00AC /* BlockChainTests.xctest */;
			productType = "com.apple.product-type.bundle.unit-test";
		};
/* End PBXNativeTarget section */

/* Begin PBXProject section */
		773B5A7B240A263300DD00AC /* Project object */ = {
			isa = PBXProject;
			attributes = {
				LastSwiftUpdateCheck = 1130;
				LastUpgradeCheck = 1130;
				ORGANIZATIONNAME = "prafull kumar";
				TargetAttributes = {
					773B5A82240A263300DD00AC = {
						CreatedOnToolsVersion = 11.3.1;
					};
					773B5A98240A263400DD00AC = {
						CreatedOnToolsVersion = 11.3.1;
						TestTargetID = 773B5A82240A263300DD00AC;
					};
				};
			};
			buildConfigurationList = 773B5A7E240A263300DD00AC /* Build configuration list for PBXProject "BlockChain" */;
			compatibilityVersion = "Xcode 9.3";
			developmentRegion = en;
			hasScannedForEncodings = 0;
			knownRegions = (
				en,
				Base,
			);
			mainGroup = 773B5A7A240A263300DD00AC;
			productRefGroup = 773B5A84240A263300DD00AC /* Products */;
			projectDirPath = "";
			projectRoot = "";
			targets = (
				773B5A82240A263300DD00AC /* BlockChain */,
				773B5A98240A263400DD00AC /* BlockChainTests */,
			);
		};
/* End PBXProject section */

/* Begin PBXResourcesBuildPhase section */
		773B5A81240A263300DD00AC /* Resources */ = {
			isa = PBXResourcesBuildPhase;
			buildActionMask = 2147483647;
			files = (
				773B5A93240A263400DD00AC /* LaunchScreen.storyboard in Resources */,
				773B5A90240A263400DD00AC /* Assets.xcassets in Resources */,
			);
			runOnlyForDeploymentPostprocessing = 0;
		};
		773B5A97240A263400DD00AC /* Resources */ = {
			isa = PBXResourcesBuildPhase;
			buildActionMask = 2147483647;
			files = (
			);
			runOnlyForDeploymentPostprocessing = 0;
		};
/* End PBXResourcesBuildPhase section */

/* Begin PBXSourcesBuildPhase section */
		773B5A7F240A263300DD00AC /* Sources */ = {
			isa = PBXSourcesBuildPhase;
			buildActionMask = 2147483647;
			files = (
				773B5A8B240A263300DD00AC /* BCRootViewController.swift in Sources */,
				773B5A87240A263300DD00AC /* AppDelegate.swift in Sources */,
			);
			runOnlyForDeploymentPostprocessing = 0;
		};
		773B5A95240A263400DD00AC /* Sources */ = {
			isa = PBXSourcesBuildPhase;
			buildActionMask = 2147483647;
			files = (
				773B5A9E240A263400DD00AC /* BlockChainTests.swift in Sources */,
			);
			runOnlyForDeploymentPostprocessing = 0;
		};
/* End PBXSourcesBuildPhase section */

/* Begin PBXTargetDependency section */
		773B5A9B240A263400DD00AC /* PBXTargetDependency */ = {
			isa = PBXTargetDependency;
			target = 773B5A82240A263300DD00AC /* BlockChain */;
			targetProxy = 773B5A9A240A263400DD00AC /* PBXContainerItemProxy */;
		};
/* End PBXTargetDependency section */

/* Begin PBXVariantGroup section */
		773B5A91240A263400DD00AC /* LaunchScreen.storyboard */ = {
			isa = PBXVariantGroup;
			children = (
				773B5A92240A263400DD00AC /* Base */,
			);
			name = LaunchScreen.storyboard;
			sourceTree = "<group>";
		};
/* End PBXVariantGroup section */

/* Begin XCBuildConfiguration section */
		773B5AA0240A263400DD00AC /* Debug */ = {
			isa = XCBuildConfiguration;
			buildSettings = {
				ALWAYS_SEARCH_USER_PATHS = NO;
				CLANG_ANALYZER_NONNULL = YES;
				CLANG_ANALYZER_NUMBER_OBJECT_CONVERSION = YES_AGGRESSIVE;
				CLANG_CXX_LANGUAGE_STANDARD = "gnu++14";
				CLANG_CXX_LIBRARY = "libc++";
				CLANG_ENABLE_MODULES = YES;
				CLANG_ENABLE_OBJC_ARC = YES;
				CLANG_ENABLE_OBJC_WEAK = YES;
				CLANG_WARN_BLOCK_CAPTURE_AUTORELEASING = YES;
				CLANG_WARN_BOOL_CONVERSION = YES;
				CLANG_WARN_COMMA = YES;
				CLANG_WARN_CONSTANT_CONVERSION = YES;
				CLANG_WARN_DEPRECATED_OBJC_IMPLEMENTATIONS = YES;
				CLANG_WARN_DIRECT_OBJC_ISA_USAGE = YES_ERROR;
				CLANG_WARN_DOCUMENTATION_COMMENTS = YES;
				CLANG_WARN_EMPTY_BODY = YES;
				CLANG_WARN_ENUM_CONVERSION = YES;
				CLANG_WARN_INFINITE_RECURSION = YES;
				CLANG_WARN_INT_CONVERSION = YES;
				CLANG_WARN_NON_LITERAL_NULL_CONVERSION = YES;
				CLANG_WARN_OBJC_IMPLICIT_RETAIN_SELF = YES;
				CLANG_WARN_OBJC_LITERAL_CONVERSION = YES;
				CLANG_WARN_OBJC_ROOT_CLASS = YES_ERROR;
				CLANG_WARN_RANGE_LOOP_ANALYSIS = YES;
				CLANG_WARN_STRICT_PROTOTYPES = YES;
				CLANG_WARN_SUSPICIOUS_MOVE = YES;
				CLANG_WARN_UNGUARDED_AVAILABILITY = YES_AGGRESSIVE;
				CLANG_WARN_UNREACHABLE_CODE = YES;
				CLANG_WARN__DUPLICATE_METHOD_MATCH = YES;
				COPY_PHASE_STRIP = NO;
				DEBUG_INFORMATION_FORMAT = dwarf;
				ENABLE_STRICT_OBJC_MSGSEND = YES;
				ENABLE_TESTABILITY = YES;
				GCC_C_LANGUAGE_STANDARD = gnu11;
				GCC_DYNAMIC_NO_PIC = NO;
				GCC_NO_COMMON_BLOCKS = YES;
				GCC_OPTIMIZATION_LEVEL = 0;
				GCC_PREPROCESSOR_DEFINITIONS = (
					"DEBUG=1",
					"$(inherited)",
				);
				GCC_WARN_64_TO_32_BIT_CONVERSION = YES;
				GCC_WARN_ABOUT_RETURN_TYPE = YES_ERROR;
				GCC_WARN_UNDECLARED_SELECTOR = YES;
				GCC_WARN_UNINITIALIZED_AUTOS = YES_AGGRESSIVE;
				GCC_WARN_UNUSED_FUNCTION = YES;
				GCC_WARN_UNUSED_VARIABLE = YES;
				IPHONEOS_DEPLOYMENT_TARGET = 13.2;
				MTL_ENABLE_DEBUG_INFO = INCLUDE_SOURCE;
				MTL_FAST_MATH = YES;
				ONLY_ACTIVE_ARCH = YES;
				SDKROOT = iphoneos;
				SWIFT_ACTIVE_COMPILATION_CONDITIONS = DEBUG;
				SWIFT_OPTIMIZATION_LEVEL = "-Onone";
			};
			name = Debug;
		};
		773B5AA1240A263400DD00AC /* Release */ = {
			isa = XCBuildConfiguration;
			buildSettings = {
				ALWAYS_SEARCH_USER_PATHS = NO;
				CLANG_ANALYZER_NONNULL = YES;
				CLANG_ANALYZER_NUMBER_OBJECT_CONVERSION = YES_AGGRESSIVE;
				CLANG_CXX_LANGUAGE_STANDARD = "gnu++14";
				CLANG_CXX_LIBRARY = "libc++";
				CLANG_ENABLE_MODULES = YES;
				CLANG_ENABLE_OBJC_ARC = YES;
				CLANG_ENABLE_OBJC_WEAK = YES;
				CLANG_WARN_BLOCK_CAPTURE_AUTORELEASING = YES;
				CLANG_WARN_BOOL_CONVERSION = YES;
				CLANG_WARN_COMMA = YES;
				CLANG_WARN_CONSTANT_CONVERSION = YES;
				CLANG_WARN_DEPRECATED_OBJC_IMPLEMENTATIONS = YES;
				CLANG_WARN_DIRECT_OBJC_ISA_USAGE = YES_ERROR;
				CLANG_WARN_DOCUMENTATION_COMMENTS = YES;
				CLANG_WARN_EMPTY_BODY = YES;
				CLANG_WARN_ENUM_CONVERSION = YES;
				CLANG_WARN_INFINITE_RECURSION = YES;
				CLANG_WARN_INT_CONVERSION = YES;
				CLANG_WARN_NON_LITERAL_NULL_CONVERSION = YES;
				CLANG_WARN_OBJC_IMPLICIT_RETAIN_SELF = YES;
				CLANG_WARN_OBJC_LITERAL_CONVERSION = YES;
				CLANG_WARN_OBJC_ROOT_CLASS = YES_ERROR;
				CLANG_WARN_RANGE_LOOP_ANALYSIS = YES;
				CLANG_WARN_STRICT_PROTOTYPES = YES;
				CLANG_WARN_SUSPICIOUS_MOVE = YES;
				CLANG_WARN_UNGUARDED_AVAILABILITY = YES_AGGRESSIVE;
				CLANG_WARN_UNREACHABLE_CODE = YES;
				CLANG_WARN__DUPLICATE_METHOD_MATCH = YES;
				COPY_PHASE_STRIP = NO;
				DEBUG_INFORMATION_FORMAT = "dwarf-with-dsym";
				ENABLE_NS_ASSERTIONS = NO;
				ENABLE_STRICT_OBJC_MSGSEND = YES;
				GCC_C_LANGUAGE_STANDARD = gnu11;
				GCC_NO_COMMON_BLOCKS = YES;
				GCC_WARN_64_TO_32_BIT_CONVERSION = YES;
				GCC_WARN_ABOUT_RETURN_TYPE = YES_ERROR;
				GCC_WARN_UNDECLARED_SELECTOR = YES;
				GCC_WARN_UNINITIALIZED_AUTOS = YES_AGGRESSIVE;
				GCC_WARN_UNUSED_FUNCTION = YES;
				GCC_WARN_UNUSED_VARIABLE = YES;
				IPHONEOS_DEPLOYMENT_TARGET = 13.2;
				MTL_ENABLE_DEBUG_INFO = NO;
				MTL_FAST_MATH = YES;
				SDKROOT = iphoneos;
				SWIFT_COMPILATION_MODE = wholemodule;
				SWIFT_OPTIMIZATION_LEVEL = "-O";
				VALIDATE_PRODUCT = YES;
			};
			name = Release;
		};
		773B5AA3240A263400DD00AC /* Debug */ = {
			isa = XCBuildConfiguration;
			buildSettings = {
				ASSETCATALOG_COMPILER_APPICON_NAME = AppIcon;
				CODE_SIGN_STYLE = Automatic;
				INFOPLIST_FILE = BlockChain/Info.plist;
				IPHONEOS_DEPLOYMENT_TARGET = 12.0;
				LD_RUNPATH_SEARCH_PATHS = (
					"$(inherited)",
					"@executable_path/Frameworks",
				);
				PRODUCT_BUNDLE_IDENTIFIER = experimental.BlockChain;
				PRODUCT_NAME = "$(TARGET_NAME)";
				SWIFT_VERSION = 5.0;
				TARGETED_DEVICE_FAMILY = "1,2";
			};
			name = Debug;
		};
		773B5AA4240A263400DD00AC /* Release */ = {
			isa = XCBuildConfiguration;
			buildSettings = {
				ASSETCATALOG_COMPILER_APPICON_NAME = AppIcon;
				CODE_SIGN_STYLE = Automatic;
				INFOPLIST_FILE = BlockChain/Info.plist;
				IPHONEOS_DEPLOYMENT_TARGET = 12.0;
				LD_RUNPATH_SEARCH_PATHS = (
					"$(inherited)",
					"@executable_path/Frameworks",
				);
				PRODUCT_BUNDLE_IDENTIFIER = experimental.BlockChain;
				PRODUCT_NAME = "$(TARGET_NAME)";
				SWIFT_VERSION = 5.0;
				TARGETED_DEVICE_FAMILY = "1,2";
			};
			name = Release;
		};
		773B5AA6240A263400DD00AC /* Debug */ = {
			isa = XCBuildConfiguration;
			buildSettings = {
				ALWAYS_EMBED_SWIFT_STANDARD_LIBRARIES = YES;
				BUNDLE_LOADER = "$(TEST_HOST)";
				CODE_SIGN_STYLE = Automatic;
				INFOPLIST_FILE = BlockChainTests/Info.plist;
				IPHONEOS_DEPLOYMENT_TARGET = 12.0;
				LD_RUNPATH_SEARCH_PATHS = (
					"$(inherited)",
					"@executable_path/Frameworks",
					"@loader_path/Frameworks",
				);
				PRODUCT_BUNDLE_IDENTIFIER = experimental.BlockChainTests;
				PRODUCT_NAME = "$(TARGET_NAME)";
				SWIFT_VERSION = 5.0;
				TARGETED_DEVICE_FAMILY = "1,2";
				TEST_HOST = "$(BUILT_PRODUCTS_DIR)/BlockChain.app/BlockChain";
			};
			name = Debug;
		};
		773B5AA7240A263400DD00AC /* Release */ = {
			isa = XCBuildConfiguration;
			buildSettings = {
				ALWAYS_EMBED_SWIFT_STANDARD_LIBRARIES = YES;
				BUNDLE_LOADER = "$(TEST_HOST)";
				CODE_SIGN_STYLE = Automatic;
				INFOPLIST_FILE = BlockChainTests/Info.plist;
				IPHONEOS_DEPLOYMENT_TARGET = 12.0;
				LD_RUNPATH_SEARCH_PATHS = (
					"$(inherited)",
					"@executable_path/Frameworks",
					"@loader_path/Frameworks",
				);
				PRODUCT_BUNDLE_IDENTIFIER = experimental.BlockChainTests;
				PRODUCT_NAME = "$(TARGET_NAME)";
				SWIFT_VERSION = 5.0;
				TARGETED_DEVICE_FAMILY = "1,2";
				TEST_HOST = "$(BUILT_PRODUCTS_DIR)/BlockChain.app/BlockChain";
			};
			name = Release;
		};
/* End XCBuildConfiguration section */

/* Begin XCConfigurationList section */
		773B5A7E240A263300DD00AC /* Build configuration list for PBXProject "BlockChain" */ = {
			isa = XCConfigurationList;
			buildConfigurations = (
				773B5AA0240A263400DD00AC /* Debug */,
				773B5AA1240A263400DD00AC /* Release */,
			);
			defaultConfigurationIsVisible = 0;
			defaultConfigurationName = Release;
		};
		773B5AA2240A263400DD00AC /* Build configuration list for PBXNativeTarget "BlockChain" */ = {
			isa = XCConfigurationList;
			buildConfigurations = (
				773B5AA3240A263400DD00AC /* Debug */,
				773B5AA4240A263400DD00AC /* Release */,
			);
			defaultConfigurationIsVisible = 0;
			defaultConfigurationName = Release;
		};
		773B5AA5240A263400DD00AC /* Build configuration list for PBXNativeTarget "BlockChainTests" */ = {
			isa = XCConfigurationList;
			buildConfigurations = (
				773B5AA6240A263400DD00AC /* Debug */,
				773B5AA7240A263400DD00AC /* Release */,
			);
			defaultConfigurationIsVisible = 0;
			defaultConfigurationName = Release;
		};
/* End XCConfigurationList section */
	};
	rootObject = 773B5A7B240A263300DD00AC /* Project object */;
}
