// !$*UTF8*$!
{
	archiveVersion = 1;
	classes = {
	};
	objectVersion = 51;
	objects = {

/* Begin PBXBuildFile section */
		2D34B55C47FD80B7A8A97FE9 /* Pods_BlockChain.framework in Frameworks */ = {isa = PBXBuildFile; fileRef = EEE8F04D5A36B2323FF8FB84 /* Pods_BlockChain.framework */; };
		77229B5B240A39A20000EDCE /* UIView+Extention.swift in Sources */ = {isa = PBXBuildFile; fileRef = 77229B5A240A39A20000EDCE /* UIView+Extention.swift */; };
		77229B5D240A39F20000EDCE /* ScrollableStackView.swift in Sources */ = {isa = PBXBuildFile; fileRef = 77229B5C240A39F20000EDCE /* ScrollableStackView.swift */; };
		77229B5F240A47ED0000EDCE /* BCEntryViewController.swift in Sources */ = {isa = PBXBuildFile; fileRef = 77229B5E240A47ED0000EDCE /* BCEntryViewController.swift */; };
		77229B61240A55100000EDCE /* BCEntryViewModel.swift in Sources */ = {isa = PBXBuildFile; fileRef = 77229B60240A55100000EDCE /* BCEntryViewModel.swift */; };
		77229B64240A6DC20000EDCE /* API.swift in Sources */ = {isa = PBXBuildFile; fileRef = 77229B63240A6DC20000EDCE /* API.swift */; };
		77229B67240A714A0000EDCE /* BlockInfo.swift in Sources */ = {isa = PBXBuildFile; fileRef = 77229B66240A714A0000EDCE /* BlockInfo.swift */; };
		77229B69240A71D10000EDCE /* BlockDataModel.swift in Sources */ = {isa = PBXBuildFile; fileRef = 77229B68240A71D10000EDCE /* BlockDataModel.swift */; };
		77229B6B240A76130000EDCE /* Networking.swift in Sources */ = {isa = PBXBuildFile; fileRef = 77229B6A240A76130000EDCE /* Networking.swift */; };
		77229B6D240A7F7C0000EDCE /* ErrorDataModel.swift in Sources */ = {isa = PBXBuildFile; fileRef = 77229B6C240A7F7C0000EDCE /* ErrorDataModel.swift */; };
		77229B70240A9C1E0000EDCE /* BCNetworkingStore.swift in Sources */ = {isa = PBXBuildFile; fileRef = 77229B6F240A9C1E0000EDCE /* BCNetworkingStore.swift */; };
		77229B72240AAB050000EDCE /* BCListViewModel.swift in Sources */ = {isa = PBXBuildFile; fileRef = 77229B71240AAB050000EDCE /* BCListViewModel.swift */; };
		773B5A87240A263300DD00AC /* AppDelegate.swift in Sources */ = {isa = PBXBuildFile; fileRef = 773B5A86240A263300DD00AC /* AppDelegate.swift */; };
		773B5A8B240A263300DD00AC /* BCListViewController.swift in Sources */ = {isa = PBXBuildFile; fileRef = 773B5A8A240A263300DD00AC /* BCListViewController.swift */; };
		773B5A90240A263400DD00AC /* Assets.xcassets in Resources */ = {isa = PBXBuildFile; fileRef = 773B5A8F240A263400DD00AC /* Assets.xcassets */; };
		773B5A93240A263400DD00AC /* LaunchScreen.storyboard in Resources */ = {isa = PBXBuildFile; fileRef = 773B5A91240A263400DD00AC /* LaunchScreen.storyboard */; };
		773B5A9E240A263400DD00AC /* BlockChainTests.swift in Sources */ = {isa = PBXBuildFile; fileRef = 773B5A9D240A263400DD00AC /* BlockChainTests.swift */; };
		7765D43A240AD13C00B1B20D /* JsonHelper.swift in Sources */ = {isa = PBXBuildFile; fileRef = 7765D439240AD13C00B1B20D /* JsonHelper.swift */; };
		7765D43E240B678E00B1B20D /* BCDetailViewController.swift in Sources */ = {isa = PBXBuildFile; fileRef = 7765D43D240B678E00B1B20D /* BCDetailViewController.swift */; };
		7765D442240B75A900B1B20D /* BCDetailViewModel.swift in Sources */ = {isa = PBXBuildFile; fileRef = 7765D441240B75A900B1B20D /* BCDetailViewModel.swift */; };
		7765D445240B89BE00B1B20D /* info.json in Resources */ = {isa = PBXBuildFile; fileRef = 7765D444240B89BE00B1B20D /* info.json */; };
		7765D448240B8AC500B1B20D /* NetworkingTest.swift in Sources */ = {isa = PBXBuildFile; fileRef = 7765D447240B8AC500B1B20D /* NetworkingTest.swift */; };
		7765D44A240B8C3F00B1B20D /* CBNetworkingStoreTest.swift in Sources */ = {isa = PBXBuildFile; fileRef = 7765D449240B8C3F00B1B20D /* CBNetworkingStoreTest.swift */; };
		7765D44B240B8DFE00B1B20D /* block.json in Resources */ = {isa = PBXBuildFile; fileRef = 7765D446240B89CD00B1B20D /* block.json */; };
		7765D451240BC68000B1B20D /* EntryViewControllerTest.swift in Sources */ = {isa = PBXBuildFile; fileRef = 7765D450240BC68000B1B20D /* EntryViewControllerTest.swift */; };
		7765D453240BCE4400B1B20D /* BCListControllerTest.swift in Sources */ = {isa = PBXBuildFile; fileRef = 7765D452240BCE4400B1B20D /* BCListControllerTest.swift */; };
		7765D455240BD1EE00B1B20D /* BCDetailViewControllerTest.swift in Sources */ = {isa = PBXBuildFile; fileRef = 7765D454240BD1EE00B1B20D /* BCDetailViewControllerTest.swift */; };
		F456F4489A1ABC1A943ACB53 /* Pods_BlockChainTests.framework in Frameworks */ = {isa = PBXBuildFile; fileRef = DA773B039C9BC56F01470E7E /* Pods_BlockChainTests.framework */; };
/* End PBXBuildFile section */

/* Begin PBXContainerItemProxy section */
		773B5A9A240A263400DD00AC /* PBXContainerItemProxy */ = {
			isa = PBXContainerItemProxy;
			containerPortal = 773B5A7B240A263300DD00AC /* Project object */;
			proxyType = 1;
			remoteGlobalIDString = 773B5A82240A263300DD00AC;
			remoteInfo = BlockChain;
		};
/* End PBXContainerItemProxy section */

/* Begin PBXFileReference section */
		468A6C312AF093BE6CBB956B /* Pods-BlockChain.debug.xcconfig */ = {isa = PBXFileReference; includeInIndex = 1; lastKnownFileType = text.xcconfig; name = "Pods-BlockChain.debug.xcconfig"; path = "Target Support Files/Pods-BlockChain/Pods-BlockChain.debug.xcconfig"; sourceTree = "<group>"; };
		60C8A2714C37C29F8D054EAC /* Pods-BlockChain.release.xcconfig */ = {isa = PBXFileReference; includeInIndex = 1; lastKnownFileType = text.xcconfig; name = "Pods-BlockChain.release.xcconfig"; path = "Target Support Files/Pods-BlockChain/Pods-BlockChain.release.xcconfig"; sourceTree = "<group>"; };
		77229B5A240A39A20000EDCE /* UIView+Extention.swift */ = {isa = PBXFileReference; lastKnownFileType = sourcecode.swift; path = "UIView+Extention.swift"; sourceTree = "<group>"; };
		77229B5C240A39F20000EDCE /* ScrollableStackView.swift */ = {isa = PBXFileReference; lastKnownFileType = sourcecode.swift; path = ScrollableStackView.swift; sourceTree = "<group>"; };
		77229B5E240A47ED0000EDCE /* BCEntryViewController.swift */ = {isa = PBXFileReference; lastKnownFileType = sourcecode.swift; path = BCEntryViewController.swift; sourceTree = "<group>"; };
		77229B60240A55100000EDCE /* BCEntryViewModel.swift */ = {isa = PBXFileReference; lastKnownFileType = sourcecode.swift; path = BCEntryViewModel.swift; sourceTree = "<group>"; };
		77229B63240A6DC20000EDCE /* API.swift */ = {isa = PBXFileReference; lastKnownFileType = sourcecode.swift; path = API.swift; sourceTree = "<group>"; };
		77229B66240A714A0000EDCE /* BlockInfo.swift */ = {isa = PBXFileReference; lastKnownFileType = sourcecode.swift; path = BlockInfo.swift; sourceTree = "<group>"; };
		77229B68240A71D10000EDCE /* BlockDataModel.swift */ = {isa = PBXFileReference; lastKnownFileType = sourcecode.swift; path = BlockDataModel.swift; sourceTree = "<group>"; };
		77229B6A240A76130000EDCE /* Networking.swift */ = {isa = PBXFileReference; lastKnownFileType = sourcecode.swift; path = Networking.swift; sourceTree = "<group>"; };
		77229B6C240A7F7C0000EDCE /* ErrorDataModel.swift */ = {isa = PBXFileReference; lastKnownFileType = sourcecode.swift; path = ErrorDataModel.swift; sourceTree = "<group>"; };
		77229B6F240A9C1E0000EDCE /* BCNetworkingStore.swift */ = {isa = PBXFileReference; lastKnownFileType = sourcecode.swift; path = BCNetworkingStore.swift; sourceTree = "<group>"; };
		77229B71240AAB050000EDCE /* BCListViewModel.swift */ = {isa = PBXFileReference; lastKnownFileType = sourcecode.swift; path = BCListViewModel.swift; sourceTree = "<group>"; };
		773B5A83240A263300DD00AC /* BlockChain.app */ = {isa = PBXFileReference; explicitFileType = wrapper.application; includeInIndex = 0; path = BlockChain.app; sourceTree = BUILT_PRODUCTS_DIR; };
		773B5A86240A263300DD00AC /* AppDelegate.swift */ = {isa = PBXFileReference; lastKnownFileType = sourcecode.swift; path = AppDelegate.swift; sourceTree = "<group>"; };
		773B5A8A240A263300DD00AC /* BCListViewController.swift */ = {isa = PBXFileReference; lastKnownFileType = sourcecode.swift; path = BCListViewController.swift; sourceTree = "<group>"; };
		773B5A8F240A263400DD00AC /* Assets.xcassets */ = {isa = PBXFileReference; lastKnownFileType = folder.assetcatalog; path = Assets.xcassets; sourceTree = "<group>"; };
		773B5A92240A263400DD00AC /* Base */ = {isa = PBXFileReference; lastKnownFileType = file.storyboard; name = Base; path = Base.lproj/LaunchScreen.storyboard; sourceTree = "<group>"; };
		773B5A94240A263400DD00AC /* Info.plist */ = {isa = PBXFileReference; lastKnownFileType = text.plist.xml; path = Info.plist; sourceTree = "<group>"; };
		773B5A99240A263400DD00AC /* BlockChainTests.xctest */ = {isa = PBXFileReference; explicitFileType = wrapper.cfbundle; includeInIndex = 0; path = BlockChainTests.xctest; sourceTree = BUILT_PRODUCTS_DIR; };
		773B5A9D240A263400DD00AC /* BlockChainTests.swift */ = {isa = PBXFileReference; lastKnownFileType = sourcecode.swift; path = BlockChainTests.swift; sourceTree = "<group>"; };
		773B5A9F240A263400DD00AC /* Info.plist */ = {isa = PBXFileReference; lastKnownFileType = text.plist.xml; path = Info.plist; sourceTree = "<group>"; };
		7765D439240AD13C00B1B20D /* JsonHelper.swift */ = {isa = PBXFileReference; lastKnownFileType = sourcecode.swift; path = JsonHelper.swift; sourceTree = "<group>"; };
		7765D43D240B678E00B1B20D /* BCDetailViewController.swift */ = {isa = PBXFileReference; lastKnownFileType = sourcecode.swift; path = BCDetailViewController.swift; sourceTree = "<group>"; };
		7765D441240B75A900B1B20D /* BCDetailViewModel.swift */ = {isa = PBXFileReference; lastKnownFileType = sourcecode.swift; path = BCDetailViewModel.swift; sourceTree = "<group>"; };
		7765D444240B89BE00B1B20D /* info.json */ = {isa = PBXFileReference; lastKnownFileType = text.json; path = info.json; sourceTree = "<group>"; };
		7765D446240B89CD00B1B20D /* block.json */ = {isa = PBXFileReference; lastKnownFileType = text.json; path = block.json; sourceTree = "<group>"; };
		7765D447240B8AC500B1B20D /* NetworkingTest.swift */ = {isa = PBXFileReference; lastKnownFileType = sourcecode.swift; path = NetworkingTest.swift; sourceTree = "<group>"; };
		7765D449240B8C3F00B1B20D /* CBNetworkingStoreTest.swift */ = {isa = PBXFileReference; lastKnownFileType = sourcecode.swift; path = CBNetworkingStoreTest.swift; sourceTree = "<group>"; };
		7765D450240BC68000B1B20D /* EntryViewControllerTest.swift */ = {isa = PBXFileReference; lastKnownFileType = sourcecode.swift; path = EntryViewControllerTest.swift; sourceTree = "<group>"; };
		7765D452240BCE4400B1B20D /* BCListControllerTest.swift */ = {isa = PBXFileReference; lastKnownFileType = sourcecode.swift; path = BCListControllerTest.swift; sourceTree = "<group>"; };
		7765D454240BD1EE00B1B20D /* BCDetailViewControllerTest.swift */ = {isa = PBXFileReference; lastKnownFileType = sourcecode.swift; path = BCDetailViewControllerTest.swift; sourceTree = "<group>"; };
		D481977B65D31645A7FA0BB9 /* Pods-BlockChainTests.debug.xcconfig */ = {isa = PBXFileReference; includeInIndex = 1; lastKnownFileType = text.xcconfig; name = "Pods-BlockChainTests.debug.xcconfig"; path = "Target Support Files/Pods-BlockChainTests/Pods-BlockChainTests.debug.xcconfig"; sourceTree = "<group>"; };
		DA773B039C9BC56F01470E7E /* Pods_BlockChainTests.framework */ = {isa = PBXFileReference; explicitFileType = wrapper.framework; includeInIndex = 0; path = Pods_BlockChainTests.framework; sourceTree = BUILT_PRODUCTS_DIR; };
		EEE8F04D5A36B2323FF8FB84 /* Pods_BlockChain.framework */ = {isa = PBXFileReference; explicitFileType = wrapper.framework; includeInIndex = 0; path = Pods_BlockChain.framework; sourceTree = BUILT_PRODUCTS_DIR; };
		F9EA44DBC4CF08B2977AFE11 /* Pods-BlockChainTests.release.xcconfig */ = {isa = PBXFileReference; includeInIndex = 1; lastKnownFileType = text.xcconfig; name = "Pods-BlockChainTests.release.xcconfig"; path = "Target Support Files/Pods-BlockChainTests/Pods-BlockChainTests.release.xcconfig"; sourceTree = "<group>"; };
/* End PBXFileReference section */

/* Begin PBXFrameworksBuildPhase section */
		773B5A80240A263300DD00AC /* Frameworks */ = {
			isa = PBXFrameworksBuildPhase;
			buildActionMask = 2147483647;
			files = (
				2D34B55C47FD80B7A8A97FE9 /* Pods_BlockChain.framework in Frameworks */,
			);
			runOnlyForDeploymentPostprocessing = 0;
		};
		773B5A96240A263400DD00AC /* Frameworks */ = {
			isa = PBXFrameworksBuildPhase;
			buildActionMask = 2147483647;
			files = (
				F456F4489A1ABC1A943ACB53 /* Pods_BlockChainTests.framework in Frameworks */,
			);
			runOnlyForDeploymentPostprocessing = 0;
		};
/* End PBXFrameworksBuildPhase section */

/* Begin PBXGroup section */
		77229B54240A37E20000EDCE /* Views */ = {
			isa = PBXGroup;
			children = (
				77229B5C240A39F20000EDCE /* ScrollableStackView.swift */,
			);
			path = Views;
			sourceTree = "<group>";
		};
		77229B59240A39830000EDCE /* Util */ = {
			isa = PBXGroup;
			children = (
				77229B5A240A39A20000EDCE /* UIView+Extention.swift */,
			);
			path = Util;
			sourceTree = "<group>";
		};
		77229B62240A6DB20000EDCE /* Networking */ = {
			isa = PBXGroup;
			children = (
				77229B63240A6DC20000EDCE /* API.swift */,
				77229B6A240A76130000EDCE /* Networking.swift */,
			);
			path = Networking;
			sourceTree = "<group>";
		};
		77229B65240A713C0000EDCE /* DataModels */ = {
			isa = PBXGroup;
			children = (
				77229B66240A714A0000EDCE /* BlockInfo.swift */,
				7765D439240AD13C00B1B20D /* JsonHelper.swift */,
				77229B68240A71D10000EDCE /* BlockDataModel.swift */,
				77229B6C240A7F7C0000EDCE /* ErrorDataModel.swift */,
			);
			path = DataModels;
			sourceTree = "<group>";
		};
		77229B6E240A9C0E0000EDCE /* Store */ = {
			isa = PBXGroup;
			children = (
				77229B6F240A9C1E0000EDCE /* BCNetworkingStore.swift */,
			);
			path = Store;
			sourceTree = "<group>";
		};
		773B5A7A240A263300DD00AC = {
			isa = PBXGroup;
			children = (
				773B5A85240A263300DD00AC /* BlockChain */,
				773B5A9C240A263400DD00AC /* BlockChainTests */,
				773B5A84240A263300DD00AC /* Products */,
				C8E8AF581E908B2C329E8B88 /* Pods */,
				C5CAFC0CB893E4FA5573D04F /* Frameworks */,
			);
			sourceTree = "<group>";
		};
		773B5A84240A263300DD00AC /* Products */ = {
			isa = PBXGroup;
			children = (
				773B5A83240A263300DD00AC /* BlockChain.app */,
				773B5A99240A263400DD00AC /* BlockChainTests.xctest */,
			);
			name = Products;
			sourceTree = "<group>";
		};
		773B5A85240A263300DD00AC /* BlockChain */ = {
			isa = PBXGroup;
			children = (
				7765D443240B89A200B1B20D /* Stub */,
				77229B6E240A9C0E0000EDCE /* Store */,
				77229B65240A713C0000EDCE /* DataModels */,
				77229B62240A6DB20000EDCE /* Networking */,
				77229B59240A39830000EDCE /* Util */,
				77229B54240A37E20000EDCE /* Views */,
				773B5A86240A263300DD00AC /* AppDelegate.swift */,
				7765D43C240ADDDA00B1B20D /* ViewModel */,
				7765D43B240ADDC700B1B20D /* ViewController */,
				773B5A8F240A263400DD00AC /* Assets.xcassets */,
				773B5A91240A263400DD00AC /* LaunchScreen.storyboard */,
				773B5A94240A263400DD00AC /* Info.plist */,
			);
			path = BlockChain;
			sourceTree = "<group>";
		};
		773B5A9C240A263400DD00AC /* BlockChainTests */ = {
			isa = PBXGroup;
			children = (
				7765D450240BC68000B1B20D /* EntryViewControllerTest.swift */,
				773B5A9D240A263400DD00AC /* BlockChainTests.swift */,
				7765D447240B8AC500B1B20D /* NetworkingTest.swift */,
				7765D449240B8C3F00B1B20D /* CBNetworkingStoreTest.swift */,
				773B5A9F240A263400DD00AC /* Info.plist */,
				7765D452240BCE4400B1B20D /* BCListControllerTest.swift */,
				7765D454240BD1EE00B1B20D /* BCDetailViewControllerTest.swift */,
			);
			path = BlockChainTests;
			sourceTree = "<group>";
		};
		7765D43B240ADDC700B1B20D /* ViewController */ = {
			isa = PBXGroup;
			children = (
				773B5A8A240A263300DD00AC /* BCListViewController.swift */,
				77229B5E240A47ED0000EDCE /* BCEntryViewController.swift */,
				7765D43D240B678E00B1B20D /* BCDetailViewController.swift */,
			);
			path = ViewController;
			sourceTree = "<group>";
		};
		7765D43C240ADDDA00B1B20D /* ViewModel */ = {
			isa = PBXGroup;
			children = (
				77229B71240AAB050000EDCE /* BCListViewModel.swift */,
				77229B60240A55100000EDCE /* BCEntryViewModel.swift */,
				7765D441240B75A900B1B20D /* BCDetailViewModel.swift */,
			);
			path = ViewModel;
			sourceTree = "<group>";
		};
		7765D443240B89A200B1B20D /* Stub */ = {
			isa = PBXGroup;
			children = (
				7765D444240B89BE00B1B20D /* info.json */,
				7765D446240B89CD00B1B20D /* block.json */,
			);
			path = Stub;
			sourceTree = "<group>";
		};
		C5CAFC0CB893E4FA5573D04F /* Frameworks */ = {
			isa = PBXGroup;
			children = (
				EEE8F04D5A36B2323FF8FB84 /* Pods_BlockChain.framework */,
				DA773B039C9BC56F01470E7E /* Pods_BlockChainTests.framework */,
			);
			name = Frameworks;
			sourceTree = "<group>";
		};
		C8E8AF581E908B2C329E8B88 /* Pods */ = {
			isa = PBXGroup;
			children = (
				468A6C312AF093BE6CBB956B /* Pods-BlockChain.debug.xcconfig */,
				60C8A2714C37C29F8D054EAC /* Pods-BlockChain.release.xcconfig */,
				D481977B65D31645A7FA0BB9 /* Pods-BlockChainTests.debug.xcconfig */,
				F9EA44DBC4CF08B2977AFE11 /* Pods-BlockChainTests.release.xcconfig */,
			);
			path = Pods;
			sourceTree = "<group>";
		};
/* End PBXGroup section */

/* Begin PBXNativeTarget section */
		773B5A82240A263300DD00AC /* BlockChain */ = {
			isa = PBXNativeTarget;
			buildConfigurationList = 773B5AA2240A263400DD00AC /* Build configuration list for PBXNativeTarget "BlockChain" */;
			buildPhases = (
				EDB112217F4CB2EC10EAE3EA /* [CP] Check Pods Manifest.lock */,
				773B5A7F240A263300DD00AC /* Sources */,
				773B5A80240A263300DD00AC /* Frameworks */,
				773B5A81240A263300DD00AC /* Resources */,
				2256F859FABF288823E9035E /* [CP] Embed Pods Frameworks */,
			);
			buildRules = (
			);
			dependencies = (
			);
			name = BlockChain;
			productName = BlockChain;
			productReference = 773B5A83240A263300DD00AC /* BlockChain.app */;
			productType = "com.apple.product-type.application";
		};
		773B5A98240A263400DD00AC /* BlockChainTests */ = {
			isa = PBXNativeTarget;
			buildConfigurationList = 773B5AA5240A263400DD00AC /* Build configuration list for PBXNativeTarget "BlockChainTests" */;
			buildPhases = (
				C663E19CA0094E4D899D8F50 /* [CP] Check Pods Manifest.lock */,
				773B5A95240A263400DD00AC /* Sources */,
				773B5A96240A263400DD00AC /* Frameworks */,
				773B5A97240A263400DD00AC /* Resources */,
				E10A6B53C7FF2B3502FC5F5D /* [CP] Embed Pods Frameworks */,
			);
			buildRules = (
			);
			dependencies = (
				773B5A9B240A263400DD00AC /* PBXTargetDependency */,
			);
			name = BlockChainTests;
			productName = BlockChainTests;
			productReference = 773B5A99240A263400DD00AC /* BlockChainTests.xctest */;
			productType = "com.apple.product-type.bundle.unit-test";
		};
/* End PBXNativeTarget section */

/* Begin PBXProject section */
		773B5A7B240A263300DD00AC /* Project object */ = {
			isa = PBXProject;
			attributes = {
				LastSwiftUpdateCheck = 1130;
				LastUpgradeCheck = 1130;
				ORGANIZATIONNAME = "prafull kumar";
				TargetAttributes = {
					773B5A82240A263300DD00AC = {
						CreatedOnToolsVersion = 11.3.1;
					};
					773B5A98240A263400DD00AC = {
						CreatedOnToolsVersion = 11.3.1;
						TestTargetID = 773B5A82240A263300DD00AC;
					};
				};
			};
			buildConfigurationList = 773B5A7E240A263300DD00AC /* Build configuration list for PBXProject "BlockChain" */;
			compatibilityVersion = "Xcode 9.3";
			developmentRegion = en;
			hasScannedForEncodings = 0;
			knownRegions = (
				en,
				Base,
			);
			mainGroup = 773B5A7A240A263300DD00AC;
			productRefGroup = 773B5A84240A263300DD00AC /* Products */;
			projectDirPath = "";
			projectRoot = "";
			targets = (
				773B5A82240A263300DD00AC /* BlockChain */,
				773B5A98240A263400DD00AC /* BlockChainTests */,
			);
		};
/* End PBXProject section */

/* Begin PBXResourcesBuildPhase section */
		773B5A81240A263300DD00AC /* Resources */ = {
			isa = PBXResourcesBuildPhase;
			buildActionMask = 2147483647;
			files = (
				773B5A93240A263400DD00AC /* LaunchScreen.storyboard in Resources */,
				7765D44B240B8DFE00B1B20D /* block.json in Resources */,
				7765D445240B89BE00B1B20D /* info.json in Resources */,
				773B5A90240A263400DD00AC /* Assets.xcassets in Resources */,
			);
			runOnlyForDeploymentPostprocessing = 0;
		};
		773B5A97240A263400DD00AC /* Resources */ = {
			isa = PBXResourcesBuildPhase;
			buildActionMask = 2147483647;
			files = (
			);
			runOnlyForDeploymentPostprocessing = 0;
		};
/* End PBXResourcesBuildPhase section */

/* Begin PBXShellScriptBuildPhase section */
		2256F859FABF288823E9035E /* [CP] Embed Pods Frameworks */ = {
			isa = PBXShellScriptBuildPhase;
			buildActionMask = 2147483647;
			files = (
			);
			inputFileListPaths = (
				"${PODS_ROOT}/Target Support Files/Pods-BlockChain/Pods-BlockChain-frameworks-${CONFIGURATION}-input-files.xcfilelist",
			);
			name = "[CP] Embed Pods Frameworks";
			outputFileListPaths = (
				"${PODS_ROOT}/Target Support Files/Pods-BlockChain/Pods-BlockChain-frameworks-${CONFIGURATION}-output-files.xcfilelist",
			);
			runOnlyForDeploymentPostprocessing = 0;
			shellPath = /bin/sh;
			shellScript = "\"${PODS_ROOT}/Target Support Files/Pods-BlockChain/Pods-BlockChain-frameworks.sh\"\n";
			showEnvVarsInLog = 0;
		};
		C663E19CA0094E4D899D8F50 /* [CP] Check Pods Manifest.lock */ = {
			isa = PBXShellScriptBuildPhase;
			buildActionMask = 2147483647;
			files = (
			);
			inputFileListPaths = (
			);
			inputPaths = (
				"${PODS_PODFILE_DIR_PATH}/Podfile.lock",
				"${PODS_ROOT}/Manifest.lock",
			);
			name = "[CP] Check Pods Manifest.lock";
			outputFileListPaths = (
			);
			outputPaths = (
				"$(DERIVED_FILE_DIR)/Pods-BlockChainTests-checkManifestLockResult.txt",
			);
			runOnlyForDeploymentPostprocessing = 0;
			shellPath = /bin/sh;
			shellScript = "diff \"${PODS_PODFILE_DIR_PATH}/Podfile.lock\" \"${PODS_ROOT}/Manifest.lock\" > /dev/null\nif [ $? != 0 ] ; then\n    # print error to STDERR\n    echo \"error: The sandbox is not in sync with the Podfile.lock. Run 'pod install' or update your CocoaPods installation.\" >&2\n    exit 1\nfi\n# This output is used by Xcode 'outputs' to avoid re-running this script phase.\necho \"SUCCESS\" > \"${SCRIPT_OUTPUT_FILE_0}\"\n";
			showEnvVarsInLog = 0;
		};
		E10A6B53C7FF2B3502FC5F5D /* [CP] Embed Pods Frameworks */ = {
			isa = PBXShellScriptBuildPhase;
			buildActionMask = 2147483647;
			files = (
			);
			inputFileListPaths = (
				"${PODS_ROOT}/Target Support Files/Pods-BlockChainTests/Pods-BlockChainTests-frameworks-${CONFIGURATION}-input-files.xcfilelist",
			);
			name = "[CP] Embed Pods Frameworks";
			outputFileListPaths = (
				"${PODS_ROOT}/Target Support Files/Pods-BlockChainTests/Pods-BlockChainTests-frameworks-${CONFIGURATION}-output-files.xcfilelist",
			);
			runOnlyForDeploymentPostprocessing = 0;
			shellPath = /bin/sh;
			shellScript = "\"${PODS_ROOT}/Target Support Files/Pods-BlockChainTests/Pods-BlockChainTests-frameworks.sh\"\n";
			showEnvVarsInLog = 0;
		};
		EDB112217F4CB2EC10EAE3EA /* [CP] Check Pods Manifest.lock */ = {
			isa = PBXShellScriptBuildPhase;
			buildActionMask = 2147483647;
			files = (
			);
			inputFileListPaths = (
			);
			inputPaths = (
				"${PODS_PODFILE_DIR_PATH}/Podfile.lock",
				"${PODS_ROOT}/Manifest.lock",
			);
			name = "[CP] Check Pods Manifest.lock";
			outputFileListPaths = (
			);
			outputPaths = (
				"$(DERIVED_FILE_DIR)/Pods-BlockChain-checkManifestLockResult.txt",
			);
			runOnlyForDeploymentPostprocessing = 0;
			shellPath = /bin/sh;
			shellScript = "diff \"${PODS_PODFILE_DIR_PATH}/Podfile.lock\" \"${PODS_ROOT}/Manifest.lock\" > /dev/null\nif [ $? != 0 ] ; then\n    # print error to STDERR\n    echo \"error: The sandbox is not in sync with the Podfile.lock. Run 'pod install' or update your CocoaPods installation.\" >&2\n    exit 1\nfi\n# This output is used by Xcode 'outputs' to avoid re-running this script phase.\necho \"SUCCESS\" > \"${SCRIPT_OUTPUT_FILE_0}\"\n";
			showEnvVarsInLog = 0;
		};
/* End PBXShellScriptBuildPhase section */

/* Begin PBXSourcesBuildPhase section */
		773B5A7F240A263300DD00AC /* Sources */ = {
			isa = PBXSourcesBuildPhase;
			buildActionMask = 2147483647;
			files = (
				77229B5F240A47ED0000EDCE /* BCEntryViewController.swift in Sources */,
				77229B5D240A39F20000EDCE /* ScrollableStackView.swift in Sources */,
				773B5A8B240A263300DD00AC /* BCListViewController.swift in Sources */,
				7765D43A240AD13C00B1B20D /* JsonHelper.swift in Sources */,
				77229B6B240A76130000EDCE /* Networking.swift in Sources */,
				77229B5B240A39A20000EDCE /* UIView+Extention.swift in Sources */,
				7765D442240B75A900B1B20D /* BCDetailViewModel.swift in Sources */,
				77229B61240A55100000EDCE /* BCEntryViewModel.swift in Sources */,
				77229B69240A71D10000EDCE /* BlockDataModel.swift in Sources */,
				77229B67240A714A0000EDCE /* BlockInfo.swift in Sources */,
				77229B64240A6DC20000EDCE /* API.swift in Sources */,
				7765D43E240B678E00B1B20D /* BCDetailViewController.swift in Sources */,
				773B5A87240A263300DD00AC /* AppDelegate.swift in Sources */,
				77229B6D240A7F7C0000EDCE /* ErrorDataModel.swift in Sources */,
				77229B72240AAB050000EDCE /* BCListViewModel.swift in Sources */,
				77229B70240A9C1E0000EDCE /* BCNetworkingStore.swift in Sources */,
			);
			runOnlyForDeploymentPostprocessing = 0;
		};
		773B5A95240A263400DD00AC /* Sources */ = {
			isa = PBXSourcesBuildPhase;
			buildActionMask = 2147483647;
			files = (
				7765D455240BD1EE00B1B20D /* BCDetailViewControllerTest.swift in Sources */,
				773B5A9E240A263400DD00AC /* BlockChainTests.swift in Sources */,
				7765D453240BCE4400B1B20D /* BCListControllerTest.swift in Sources */,
				7765D451240BC68000B1B20D /* EntryViewControllerTest.swift in Sources */,
				7765D44A240B8C3F00B1B20D /* CBNetworkingStoreTest.swift in Sources */,
				7765D448240B8AC500B1B20D /* NetworkingTest.swift in Sources */,
			);
			runOnlyForDeploymentPostprocessing = 0;
		};
/* End PBXSourcesBuildPhase section */

/* Begin PBXTargetDependency section */
		773B5A9B240A263400DD00AC /* PBXTargetDependency */ = {
			isa = PBXTargetDependency;
			target = 773B5A82240A263300DD00AC /* BlockChain */;
			targetProxy = 773B5A9A240A263400DD00AC /* PBXContainerItemProxy */;
		};
/* End PBXTargetDependency section */

/* Begin PBXVariantGroup section */
		773B5A91240A263400DD00AC /* LaunchScreen.storyboard */ = {
			isa = PBXVariantGroup;
			children = (
				773B5A92240A263400DD00AC /* Base */,
			);
			name = LaunchScreen.storyboard;
			sourceTree = "<group>";
		};
/* End PBXVariantGroup section */

/* Begin XCBuildConfiguration section */
		773B5AA0240A263400DD00AC /* Debug */ = {
			isa = XCBuildConfiguration;
			buildSettings = {
				ALWAYS_SEARCH_USER_PATHS = NO;
				CLANG_ANALYZER_NONNULL = YES;
				CLANG_ANALYZER_NUMBER_OBJECT_CONVERSION = YES_AGGRESSIVE;
				CLANG_CXX_LANGUAGE_STANDARD = "gnu++14";
				CLANG_CXX_LIBRARY = "libc++";
				CLANG_ENABLE_MODULES = YES;
				CLANG_ENABLE_OBJC_ARC = YES;
				CLANG_ENABLE_OBJC_WEAK = YES;
				CLANG_WARN_BLOCK_CAPTURE_AUTORELEASING = YES;
				CLANG_WARN_BOOL_CONVERSION = YES;
				CLANG_WARN_COMMA = YES;
				CLANG_WARN_CONSTANT_CONVERSION = YES;
				CLANG_WARN_DEPRECATED_OBJC_IMPLEMENTATIONS = YES;
				CLANG_WARN_DIRECT_OBJC_ISA_USAGE = YES_ERROR;
				CLANG_WARN_DOCUMENTATION_COMMENTS = YES;
				CLANG_WARN_EMPTY_BODY = YES;
				CLANG_WARN_ENUM_CONVERSION = YES;
				CLANG_WARN_INFINITE_RECURSION = YES;
				CLANG_WARN_INT_CONVERSION = YES;
				CLANG_WARN_NON_LITERAL_NULL_CONVERSION = YES;
				CLANG_WARN_OBJC_IMPLICIT_RETAIN_SELF = YES;
				CLANG_WARN_OBJC_LITERAL_CONVERSION = YES;
				CLANG_WARN_OBJC_ROOT_CLASS = YES_ERROR;
				CLANG_WARN_RANGE_LOOP_ANALYSIS = YES;
				CLANG_WARN_STRICT_PROTOTYPES = YES;
				CLANG_WARN_SUSPICIOUS_MOVE = YES;
				CLANG_WARN_UNGUARDED_AVAILABILITY = YES_AGGRESSIVE;
				CLANG_WARN_UNREACHABLE_CODE = YES;
				CLANG_WARN__DUPLICATE_METHOD_MATCH = YES;
				COPY_PHASE_STRIP = NO;
				DEBUG_INFORMATION_FORMAT = dwarf;
				ENABLE_STRICT_OBJC_MSGSEND = YES;
				ENABLE_TESTABILITY = YES;
				GCC_C_LANGUAGE_STANDARD = gnu11;
				GCC_DYNAMIC_NO_PIC = NO;
				GCC_NO_COMMON_BLOCKS = YES;
				GCC_OPTIMIZATION_LEVEL = 0;
				GCC_PREPROCESSOR_DEFINITIONS = (
					"DEBUG=1",
					"$(inherited)",
				);
				GCC_WARN_64_TO_32_BIT_CONVERSION = YES;
				GCC_WARN_ABOUT_RETURN_TYPE = YES_ERROR;
				GCC_WARN_UNDECLARED_SELECTOR = YES;
				GCC_WARN_UNINITIALIZED_AUTOS = YES_AGGRESSIVE;
				GCC_WARN_UNUSED_FUNCTION = YES;
				GCC_WARN_UNUSED_VARIABLE = YES;
				IPHONEOS_DEPLOYMENT_TARGET = 13.2;
				MTL_ENABLE_DEBUG_INFO = INCLUDE_SOURCE;
				MTL_FAST_MATH = YES;
				ONLY_ACTIVE_ARCH = YES;
				SDKROOT = iphoneos;
				SWIFT_ACTIVE_COMPILATION_CONDITIONS = DEBUG;
				SWIFT_OPTIMIZATION_LEVEL = "-Onone";
			};
			name = Debug;
		};
		773B5AA1240A263400DD00AC /* Release */ = {
			isa = XCBuildConfiguration;
			buildSettings = {
				ALWAYS_SEARCH_USER_PATHS = NO;
				CLANG_ANALYZER_NONNULL = YES;
				CLANG_ANALYZER_NUMBER_OBJECT_CONVERSION = YES_AGGRESSIVE;
				CLANG_CXX_LANGUAGE_STANDARD = "gnu++14";
				CLANG_CXX_LIBRARY = "libc++";
				CLANG_ENABLE_MODULES = YES;
				CLANG_ENABLE_OBJC_ARC = YES;
				CLANG_ENABLE_OBJC_WEAK = YES;
				CLANG_WARN_BLOCK_CAPTURE_AUTORELEASING = YES;
				CLANG_WARN_BOOL_CONVERSION = YES;
				CLANG_WARN_COMMA = YES;
				CLANG_WARN_CONSTANT_CONVERSION = YES;
				CLANG_WARN_DEPRECATED_OBJC_IMPLEMENTATIONS = YES;
				CLANG_WARN_DIRECT_OBJC_ISA_USAGE = YES_ERROR;
				CLANG_WARN_DOCUMENTATION_COMMENTS = YES;
				CLANG_WARN_EMPTY_BODY = YES;
				CLANG_WARN_ENUM_CONVERSION = YES;
				CLANG_WARN_INFINITE_RECURSION = YES;
				CLANG_WARN_INT_CONVERSION = YES;
				CLANG_WARN_NON_LITERAL_NULL_CONVERSION = YES;
				CLANG_WARN_OBJC_IMPLICIT_RETAIN_SELF = YES;
				CLANG_WARN_OBJC_LITERAL_CONVERSION = YES;
				CLANG_WARN_OBJC_ROOT_CLASS = YES_ERROR;
				CLANG_WARN_RANGE_LOOP_ANALYSIS = YES;
				CLANG_WARN_STRICT_PROTOTYPES = YES;
				CLANG_WARN_SUSPICIOUS_MOVE = YES;
				CLANG_WARN_UNGUARDED_AVAILABILITY = YES_AGGRESSIVE;
				CLANG_WARN_UNREACHABLE_CODE = YES;
				CLANG_WARN__DUPLICATE_METHOD_MATCH = YES;
				COPY_PHASE_STRIP = NO;
				DEBUG_INFORMATION_FORMAT = "dwarf-with-dsym";
				ENABLE_NS_ASSERTIONS = NO;
				ENABLE_STRICT_OBJC_MSGSEND = YES;
				GCC_C_LANGUAGE_STANDARD = gnu11;
				GCC_NO_COMMON_BLOCKS = YES;
				GCC_WARN_64_TO_32_BIT_CONVERSION = YES;
				GCC_WARN_ABOUT_RETURN_TYPE = YES_ERROR;
				GCC_WARN_UNDECLARED_SELECTOR = YES;
				GCC_WARN_UNINITIALIZED_AUTOS = YES_AGGRESSIVE;
				GCC_WARN_UNUSED_FUNCTION = YES;
				GCC_WARN_UNUSED_VARIABLE = YES;
				IPHONEOS_DEPLOYMENT_TARGET = 13.2;
				MTL_ENABLE_DEBUG_INFO = NO;
				MTL_FAST_MATH = YES;
				SDKROOT = iphoneos;
				SWIFT_COMPILATION_MODE = wholemodule;
				SWIFT_OPTIMIZATION_LEVEL = "-O";
				VALIDATE_PRODUCT = YES;
			};
			name = Release;
		};
		773B5AA3240A263400DD00AC /* Debug */ = {
			isa = XCBuildConfiguration;
			baseConfigurationReference = 468A6C312AF093BE6CBB956B /* Pods-BlockChain.debug.xcconfig */;
			buildSettings = {
				ASSETCATALOG_COMPILER_APPICON_NAME = AppIcon;
				CODE_SIGN_STYLE = Automatic;
				INFOPLIST_FILE = BlockChain/Info.plist;
				IPHONEOS_DEPLOYMENT_TARGET = 12.0;
				LD_RUNPATH_SEARCH_PATHS = (
					"$(inherited)",
					"@executable_path/Frameworks",
				);
				PRODUCT_BUNDLE_IDENTIFIER = experimental.BlockChain;
				PRODUCT_NAME = "$(TARGET_NAME)";
				SWIFT_VERSION = 5.0;
				TARGETED_DEVICE_FAMILY = "1,2";
			};
			name = Debug;
		};
		773B5AA4240A263400DD00AC /* Release */ = {
			isa = XCBuildConfiguration;
			baseConfigurationReference = 60C8A2714C37C29F8D054EAC /* Pods-BlockChain.release.xcconfig */;
			buildSettings = {
				ASSETCATALOG_COMPILER_APPICON_NAME = AppIcon;
				CODE_SIGN_STYLE = Automatic;
				INFOPLIST_FILE = BlockChain/Info.plist;
				IPHONEOS_DEPLOYMENT_TARGET = 12.0;
				LD_RUNPATH_SEARCH_PATHS = (
					"$(inherited)",
					"@executable_path/Frameworks",
				);
				PRODUCT_BUNDLE_IDENTIFIER = experimental.BlockChain;
				PRODUCT_NAME = "$(TARGET_NAME)";
				SWIFT_VERSION = 5.0;
				TARGETED_DEVICE_FAMILY = "1,2";
			};
			name = Release;
		};
		773B5AA6240A263400DD00AC /* Debug */ = {
			isa = XCBuildConfiguration;
			baseConfigurationReference = D481977B65D31645A7FA0BB9 /* Pods-BlockChainTests.debug.xcconfig */;
			buildSettings = {
				ALWAYS_EMBED_SWIFT_STANDARD_LIBRARIES = YES;
				BUNDLE_LOADER = "$(TEST_HOST)";
				CODE_SIGN_STYLE = Automatic;
				INFOPLIST_FILE = BlockChainTests/Info.plist;
				IPHONEOS_DEPLOYMENT_TARGET = 12.0;
				LD_RUNPATH_SEARCH_PATHS = (
					"$(inherited)",
					"@executable_path/Frameworks",
					"@loader_path/Frameworks",
				);
				PRODUCT_BUNDLE_IDENTIFIER = experimental.BlockChainTests;
				PRODUCT_NAME = "$(TARGET_NAME)";
				SWIFT_VERSION = 5.0;
				TARGETED_DEVICE_FAMILY = "1,2";
				TEST_HOST = "$(BUILT_PRODUCTS_DIR)/BlockChain.app/BlockChain";
			};
			name = Debug;
		};
		773B5AA7240A263400DD00AC /* Release */ = {
			isa = XCBuildConfiguration;
			baseConfigurationReference = F9EA44DBC4CF08B2977AFE11 /* Pods-BlockChainTests.release.xcconfig */;
			buildSettings = {
				ALWAYS_EMBED_SWIFT_STANDARD_LIBRARIES = YES;
				BUNDLE_LOADER = "$(TEST_HOST)";
				CODE_SIGN_STYLE = Automatic;
				INFOPLIST_FILE = BlockChainTests/Info.plist;
				IPHONEOS_DEPLOYMENT_TARGET = 12.0;
				LD_RUNPATH_SEARCH_PATHS = (
					"$(inherited)",
					"@executable_path/Frameworks",
					"@loader_path/Frameworks",
				);
				PRODUCT_BUNDLE_IDENTIFIER = experimental.BlockChainTests;
				PRODUCT_NAME = "$(TARGET_NAME)";
				SWIFT_VERSION = 5.0;
				TARGETED_DEVICE_FAMILY = "1,2";
				TEST_HOST = "$(BUILT_PRODUCTS_DIR)/BlockChain.app/BlockChain";
			};
			name = Release;
		};
/* End XCBuildConfiguration section */

/* Begin XCConfigurationList section */
		773B5A7E240A263300DD00AC /* Build configuration list for PBXProject "BlockChain" */ = {
			isa = XCConfigurationList;
			buildConfigurations = (
				773B5AA0240A263400DD00AC /* Debug */,
				773B5AA1240A263400DD00AC /* Release */,
			);
			defaultConfigurationIsVisible = 0;
			defaultConfigurationName = Release;
		};
		773B5AA2240A263400DD00AC /* Build configuration list for PBXNativeTarget "BlockChain" */ = {
			isa = XCConfigurationList;
			buildConfigurations = (
				773B5AA3240A263400DD00AC /* Debug */,
				773B5AA4240A263400DD00AC /* Release */,
			);
			defaultConfigurationIsVisible = 0;
			defaultConfigurationName = Release;
		};
		773B5AA5240A263400DD00AC /* Build configuration list for PBXNativeTarget "BlockChainTests" */ = {
			isa = XCConfigurationList;
			buildConfigurations = (
				773B5AA6240A263400DD00AC /* Debug */,
				773B5AA7240A263400DD00AC /* Release */,
			);
			defaultConfigurationIsVisible = 0;
			defaultConfigurationName = Release;
		};
/* End XCConfigurationList section */
	};
	rootObject = 773B5A7B240A263300DD00AC /* Project object */;
}
